
Microsoft Visual Studio Solution File, Format Version 12.00
# Visual Studio Version 17
VisualStudioVersion = 17.3.32901.215
MinimumVisualStudioVersion = 10.0.40219.1
Project("{FAE04EC0-301F-11D3-BF4B-00C04F79EFBC}") = "WebApplication5", "WebApplication5.csproj", "{E6CC007C-C556-48CF-A9E7-65CBA02412AA}"
EndProject
Global
	GlobalSection(SolutionConfigurationPlatforms) = preSolution
		Debug|Any CPU = Debug|Any CPU
		Release|Any CPU = Release|Any CPU
	EndGlobalSection
	GlobalSection(ProjectConfigurationPlatforms) = postSolution
		{E6CC007C-C556-48CF-A9E7-65CBA02412AA}.Debug|Any CPU.ActiveCfg = Debug|Any CPU
		{E6CC007C-C556-48CF-A9E7-65CBA02412AA}.Debug|Any CPU.Build.0 = Debug|Any CPU
		{E6CC007C-C556-48CF-A9E7-65CBA02412AA}.Release|Any CPU.ActiveCfg = Release|Any CPU
		{E6CC007C-C556-48CF-A9E7-65CBA02412AA}.Release|Any CPU.Build.0 = Release|Any CPU
	EndGlobalSection
	GlobalSection(SolutionProperties) = preSolution
		HideSolutionNode = FALSE
	EndGlobalSection
	GlobalSection(ExtensibilityGlobals) = postSolution
		SolutionGuid = {761CEF0C-1A8E-4B7B-BEDC-9E5362B801C5}
	EndGlobalSection
EndGlobal
